
Microsoft Visual Studio Solution File, Format Version 12.00
# Visual Studio Version 16
VisualStudioVersion = 16.0.30717.126
MinimumVisualStudioVersion = 10.0.40219.1
Project("{FAE04EC0-301F-11D3-BF4B-00C04F79EFBC}") = "ShallEmulation", "ShallEmulation\ShallEmulation\ShallEmulation.csproj", "{0B77DBAE-51D1-4D76-AC2D-4423036921AE}"
EndProject
Project("{FAE04EC0-301F-11D3-BF4B-00C04F79EFBC}") = "ShallEmulation.Android", "ShallEmulation\ShallEmulation.Android\ShallEmulation.Android.csproj", "{6C732367-8671-4E70-A654-E04317994CAF}"
EndProject
Project("{FAE04EC0-301F-11D3-BF4B-00C04F79EFBC}") = "ShallEmulation.iOS", "ShallEmulation\ShallEmulation.iOS\ShallEmulation.iOS.csproj", "{0CB87470-3A72-4F9C-956B-5458E6B0A8BD}"
EndProject
Project("{FAE04EC0-301F-11D3-BF4B-00C04F79EFBC}") = "ShallEmulation.UWP", "ShallEmulation\ShallEmulation.UWP\ShallEmulation.UWP.csproj", "{ECA5C38E-420D-4D2C-B38E-17DD0238FED8}"
EndProject
Global
	GlobalSection(SolutionConfigurationPlatforms) = preSolution
		Ad-Hoc|Any CPU = Ad-Hoc|Any CPU
		Ad-Hoc|ARM = Ad-Hoc|ARM
		Ad-Hoc|iPhone = Ad-Hoc|iPhone
		Ad-Hoc|iPhoneSimulator = Ad-Hoc|iPhoneSimulator
		Ad-Hoc|x64 = Ad-Hoc|x64
		Ad-Hoc|x86 = Ad-Hoc|x86
		AppStore|Any CPU = AppStore|Any CPU
		AppStore|ARM = AppStore|ARM
		AppStore|iPhone = AppStore|iPhone
		AppStore|iPhoneSimulator = AppStore|iPhoneSimulator
		AppStore|x64 = AppStore|x64
		AppStore|x86 = AppStore|x86
		Debug|Any CPU = Debug|Any CPU
		Debug|ARM = Debug|ARM
		Debug|iPhone = Debug|iPhone
		Debug|iPhoneSimulator = Debug|iPhoneSimulator
		Debug|x64 = Debug|x64
		Debug|x86 = Debug|x86
		Release|Any CPU = Release|Any CPU
		Release|ARM = Release|ARM
		Release|iPhone = Release|iPhone
		Release|iPhoneSimulator = Release|iPhoneSimulator
		Release|x64 = Release|x64
		Release|x86 = Release|x86
	EndGlobalSection
	GlobalSection(ProjectConfigurationPlatforms) = postSolution
		{0B77DBAE-51D1-4D76-AC2D-4423036921AE}.Ad-Hoc|Any CPU.ActiveCfg = Debug|Any CPU
		{0B77DBAE-51D1-4D76-AC2D-4423036921AE}.Ad-Hoc|Any CPU.Build.0 = Debug|Any CPU
		{0B77DBAE-51D1-4D76-AC2D-4423036921AE}.Ad-Hoc|ARM.ActiveCfg = Debug|Any CPU
		{0B77DBAE-51D1-4D76-AC2D-4423036921AE}.Ad-Hoc|ARM.Build.0 = Debug|Any CPU
		{0B77DBAE-51D1-4D76-AC2D-4423036921AE}.Ad-Hoc|iPhone.ActiveCfg = Debug|Any CPU
		{0B77DBAE-51D1-4D76-AC2D-4423036921AE}.Ad-Hoc|iPhone.Build.0 = Debug|Any CPU
		{0B77DBAE-51D1-4D76-AC2D-4423036921AE}.Ad-Hoc|iPhoneSimulator.ActiveCfg = Debug|Any CPU
		{0B77DBAE-51D1-4D76-AC2D-4423036921AE}.Ad-Hoc|iPhoneSimulator.Build.0 = Debug|Any CPU
		{0B77DBAE-51D1-4D76-AC2D-4423036921AE}.Ad-Hoc|x64.ActiveCfg = Debug|Any CPU
		{0B77DBAE-51D1-4D76-AC2D-4423036921AE}.Ad-Hoc|x64.Build.0 = Debug|Any CPU
		{0B77DBAE-51D1-4D76-AC2D-4423036921AE}.Ad-Hoc|x86.ActiveCfg = Debug|Any CPU
		{0B77DBAE-51D1-4D76-AC2D-4423036921AE}.Ad-Hoc|x86.Build.0 = Debug|Any CPU
		{0B77DBAE-51D1-4D76-AC2D-4423036921AE}.AppStore|Any CPU.ActiveCfg = Debug|Any CPU
		{0B77DBAE-51D1-4D76-AC2D-4423036921AE}.AppStore|Any CPU.Build.0 = Debug|Any CPU
		{0B77DBAE-51D1-4D76-AC2D-4423036921AE}.AppStore|ARM.ActiveCfg = Debug|Any CPU
		{0B77DBAE-51D1-4D76-AC2D-4423036921AE}.AppStore|ARM.Build.0 = Debug|Any CPU
		{0B77DBAE-51D1-4D76-AC2D-4423036921AE}.AppStore|iPhone.ActiveCfg = Debug|Any CPU
		{0B77DBAE-51D1-4D76-AC2D-4423036921AE}.AppStore|iPhone.Build.0 = Debug|Any CPU
		{0B77DBAE-51D1-4D76-AC2D-4423036921AE}.AppStore|iPhoneSimulator.ActiveCfg = Debug|Any CPU
		{0B77DBAE-51D1-4D76-AC2D-4423036921AE}.AppStore|iPhoneSimulator.Build.0 = Debug|Any CPU
		{0B77DBAE-51D1-4D76-AC2D-4423036921AE}.AppStore|x64.ActiveCfg = Debug|Any CPU
		{0B77DBAE-51D1-4D76-AC2D-4423036921AE}.AppStore|x64.Build.0 = Debug|Any CPU
		{0B77DBAE-51D1-4D76-AC2D-4423036921AE}.AppStore|x86.ActiveCfg = Debug|Any CPU
		{0B77DBAE-51D1-4D76-AC2D-4423036921AE}.AppStore|x86.Build.0 = Debug|Any CPU
		{0B77DBAE-51D1-4D76-AC2D-4423036921AE}.Debug|Any CPU.ActiveCfg = Debug|Any CPU
		{0B77DBAE-51D1-4D76-AC2D-4423036921AE}.Debug|Any CPU.Build.0 = Debug|Any CPU
		{0B77DBAE-51D1-4D76-AC2D-4423036921AE}.Debug|ARM.ActiveCfg = Debug|Any CPU
		{0B77DBAE-51D1-4D76-AC2D-4423036921AE}.Debug|ARM.Build.0 = Debug|Any CPU
		{0B77DBAE-51D1-4D76-AC2D-4423036921AE}.Debug|iPhone.ActiveCfg = Debug|Any CPU
		{0B77DBAE-51D1-4D76-AC2D-4423036921AE}.Debug|iPhone.Build.0 = Debug|Any CPU
		{0B77DBAE-51D1-4D76-AC2D-4423036921AE}.Debug|iPhoneSimulator.ActiveCfg = Debug|Any CPU
		{0B77DBAE-51D1-4D76-AC2D-4423036921AE}.Debug|iPhoneSimulator.Build.0 = Debug|Any CPU
		{0B77DBAE-51D1-4D76-AC2D-4423036921AE}.Debug|x64.ActiveCfg = Debug|Any CPU
		{0B77DBAE-51D1-4D76-AC2D-4423036921AE}.Debug|x64.Build.0 = Debug|Any CPU
		{0B77DBAE-51D1-4D76-AC2D-4423036921AE}.Debug|x86.ActiveCfg = Debug|Any CPU
		{0B77DBAE-51D1-4D76-AC2D-4423036921AE}.Debug|x86.Build.0 = Debug|Any CPU
		{0B77DBAE-51D1-4D76-AC2D-4423036921AE}.Release|Any CPU.ActiveCfg = Release|Any CPU
		{0B77DBAE-51D1-4D76-AC2D-4423036921AE}.Release|Any CPU.Build.0 = Release|Any CPU
		{0B77DBAE-51D1-4D76-AC2D-4423036921AE}.Release|ARM.ActiveCfg = Release|Any CPU
		{0B77DBAE-51D1-4D76-AC2D-4423036921AE}.Release|ARM.Build.0 = Release|Any CPU
		{0B77DBAE-51D1-4D76-AC2D-4423036921AE}.Release|iPhone.ActiveCfg = Release|Any CPU
		{0B77DBAE-51D1-4D76-AC2D-4423036921AE}.Release|iPhone.Build.0 = Release|Any CPU
		{0B77DBAE-51D1-4D76-AC2D-4423036921AE}.Release|iPhoneSimulator.ActiveCfg = Release|Any CPU
		{0B77DBAE-51D1-4D76-AC2D-4423036921AE}.Release|iPhoneSimulator.Build.0 = Release|Any CPU
		{0B77DBAE-51D1-4D76-AC2D-4423036921AE}.Release|x64.ActiveCfg = Release|Any CPU
		{0B77DBAE-51D1-4D76-AC2D-4423036921AE}.Release|x64.Build.0 = Release|Any CPU
		{0B77DBAE-51D1-4D76-AC2D-4423036921AE}.Release|x86.ActiveCfg = Release|Any CPU
		{0B77DBAE-51D1-4D76-AC2D-4423036921AE}.Release|x86.Build.0 = Release|Any CPU
		{6C732367-8671-4E70-A654-E04317994CAF}.Ad-Hoc|Any CPU.ActiveCfg = Debug|Any CPU
		{6C732367-8671-4E70-A654-E04317994CAF}.Ad-Hoc|Any CPU.Build.0 = Debug|Any CPU
		{6C732367-8671-4E70-A654-E04317994CAF}.Ad-Hoc|Any CPU.Deploy.0 = Debug|Any CPU
		{6C732367-8671-4E70-A654-E04317994CAF}.Ad-Hoc|ARM.ActiveCfg = Debug|Any CPU
		{6C732367-8671-4E70-A654-E04317994CAF}.Ad-Hoc|ARM.Build.0 = Debug|Any CPU
		{6C732367-8671-4E70-A654-E04317994CAF}.Ad-Hoc|ARM.Deploy.0 = Debug|Any CPU
		{6C732367-8671-4E70-A654-E04317994CAF}.Ad-Hoc|iPhone.ActiveCfg = Debug|Any CPU
		{6C732367-8671-4E70-A654-E04317994CAF}.Ad-Hoc|iPhone.Build.0 = Debug|Any CPU
		{6C732367-8671-4E70-A654-E04317994CAF}.Ad-Hoc|iPhone.Deploy.0 = Debug|Any CPU
		{6C732367-8671-4E70-A654-E04317994CAF}.Ad-Hoc|iPhoneSimulator.ActiveCfg = Debug|Any CPU
		{6C732367-8671-4E70-A654-E04317994CAF}.Ad-Hoc|iPhoneSimulator.Build.0 = Debug|Any CPU
		{6C732367-8671-4E70-A654-E04317994CAF}.Ad-Hoc|iPhoneSimulator.Deploy.0 = Debug|Any CPU
		{6C732367-8671-4E70-A654-E04317994CAF}.Ad-Hoc|x64.ActiveCfg = Debug|Any CPU
		{6C732367-8671-4E70-A654-E04317994CAF}.Ad-Hoc|x64.Build.0 = Debug|Any CPU
		{6C732367-8671-4E70-A654-E04317994CAF}.Ad-Hoc|x64.Deploy.0 = Debug|Any CPU
		{6C732367-8671-4E70-A654-E04317994CAF}.Ad-Hoc|x86.ActiveCfg = Debug|Any CPU
		{6C732367-8671-4E70-A654-E04317994CAF}.Ad-Hoc|x86.Build.0 = Debug|Any CPU
		{6C732367-8671-4E70-A654-E04317994CAF}.Ad-Hoc|x86.Deploy.0 = Debug|Any CPU
		{6C732367-8671-4E70-A654-E04317994CAF}.AppStore|Any CPU.ActiveCfg = Debug|Any CPU
		{6C732367-8671-4E70-A654-E04317994CAF}.AppStore|Any CPU.Build.0 = Debug|Any CPU
		{6C732367-8671-4E70-A654-E04317994CAF}.AppStore|Any CPU.Deploy.0 = Debug|Any CPU
		{6C732367-8671-4E70-A654-E04317994CAF}.AppStore|ARM.ActiveCfg = Debug|Any CPU
		{6C732367-8671-4E70-A654-E04317994CAF}.AppStore|ARM.Build.0 = Debug|Any CPU
		{6C732367-8671-4E70-A654-E04317994CAF}.AppStore|ARM.Deploy.0 = Debug|Any CPU
		{6C732367-8671-4E70-A654-E04317994CAF}.AppStore|iPhone.ActiveCfg = Debug|Any CPU
		{6C732367-8671-4E70-A654-E04317994CAF}.AppStore|iPhone.Build.0 = Debug|Any CPU
		{6C732367-8671-4E70-A654-E04317994CAF}.AppStore|iPhone.Deploy.0 = Debug|Any CPU
		{6C732367-8671-4E70-A654-E04317994CAF}.AppStore|iPhoneSimulator.ActiveCfg = Debug|Any CPU
		{6C732367-8671-4E70-A654-E04317994CAF}.AppStore|iPhoneSimulator.Build.0 = Debug|Any CPU
		{6C732367-8671-4E70-A654-E04317994CAF}.AppStore|iPhoneSimulator.Deploy.0 = Debug|Any CPU
		{6C732367-8671-4E70-A654-E04317994CAF}.AppStore|x64.ActiveCfg = Debug|Any CPU
		{6C732367-8671-4E70-A654-E04317994CAF}.AppStore|x64.Build.0 = Debug|Any CPU
		{6C732367-8671-4E70-A654-E04317994CAF}.AppStore|x64.Deploy.0 = Debug|Any CPU
		{6C732367-8671-4E70-A654-E04317994CAF}.AppStore|x86.ActiveCfg = Debug|Any CPU
		{6C732367-8671-4E70-A654-E04317994CAF}.AppStore|x86.Build.0 = Debug|Any CPU
		{6C732367-8671-4E70-A654-E04317994CAF}.AppStore|x86.Deploy.0 = Debug|Any CPU
		{6C732367-8671-4E70-A654-E04317994CAF}.Debug|Any CPU.ActiveCfg = Debug|Any CPU
		{6C732367-8671-4E70-A654-E04317994CAF}.Debug|Any CPU.Build.0 = Debug|Any CPU
		{6C732367-8671-4E70-A654-E04317994CAF}.Debug|Any CPU.Deploy.0 = Debug|Any CPU
		{6C732367-8671-4E70-A654-E04317994CAF}.Debug|ARM.ActiveCfg = Debug|Any CPU
		{6C732367-8671-4E70-A654-E04317994CAF}.Debug|ARM.Build.0 = Debug|Any CPU
		{6C732367-8671-4E70-A654-E04317994CAF}.Debug|ARM.Deploy.0 = Debug|Any CPU
		{6C732367-8671-4E70-A654-E04317994CAF}.Debug|iPhone.ActiveCfg = Debug|Any CPU
		{6C732367-8671-4E70-A654-E04317994CAF}.Debug|iPhone.Build.0 = Debug|Any CPU
		{6C732367-8671-4E70-A654-E04317994CAF}.Debug|iPhone.Deploy.0 = Debug|Any CPU
		{6C732367-8671-4E70-A654-E04317994CAF}.Debug|iPhoneSimulator.ActiveCfg = Debug|Any CPU
		{6C732367-8671-4E70-A654-E04317994CAF}.Debug|iPhoneSimulator.Build.0 = Debug|Any CPU
		{6C732367-8671-4E70-A654-E04317994CAF}.Debug|iPhoneSimulator.Deploy.0 = Debug|Any CPU
		{6C732367-8671-4E70-A654-E04317994CAF}.Debug|x64.ActiveCfg = Debug|Any CPU
		{6C732367-8671-4E70-A654-E04317994CAF}.Debug|x64.Build.0 = Debug|Any CPU
		{6C732367-8671-4E70-A654-E04317994CAF}.Debug|x64.Deploy.0 = Debug|Any CPU
		{6C732367-8671-4E70-A654-E04317994CAF}.Debug|x86.ActiveCfg = Debug|Any CPU
		{6C732367-8671-4E70-A654-E04317994CAF}.Debug|x86.Build.0 = Debug|Any CPU
		{6C732367-8671-4E70-A654-E04317994CAF}.Debug|x86.Deploy.0 = Debug|Any CPU
		{6C732367-8671-4E70-A654-E04317994CAF}.Release|Any CPU.ActiveCfg = Release|Any CPU
		{6C732367-8671-4E70-A654-E04317994CAF}.Release|Any CPU.Build.0 = Release|Any CPU
		{6C732367-8671-4E70-A654-E04317994CAF}.Release|Any CPU.Deploy.0 = Release|Any CPU
		{6C732367-8671-4E70-A654-E04317994CAF}.Release|ARM.ActiveCfg = Release|Any CPU
		{6C732367-8671-4E70-A654-E04317994CAF}.Release|ARM.Build.0 = Release|Any CPU
		{6C732367-8671-4E70-A654-E04317994CAF}.Release|ARM.Deploy.0 = Release|Any CPU
		{6C732367-8671-4E70-A654-E04317994CAF}.Release|iPhone.ActiveCfg = Release|Any CPU
		{6C732367-8671-4E70-A654-E04317994CAF}.Release|iPhone.Build.0 = Release|Any CPU
		{6C732367-8671-4E70-A654-E04317994CAF}.Release|iPhone.Deploy.0 = Release|Any CPU
		{6C732367-8671-4E70-A654-E04317994CAF}.Release|iPhoneSimulator.ActiveCfg = Release|Any CPU
		{6C732367-8671-4E70-A654-E04317994CAF}.Release|iPhoneSimulator.Build.0 = Release|Any CPU
		{6C732367-8671-4E70-A654-E04317994CAF}.Release|iPhoneSimulator.Deploy.0 = Release|Any CPU
		{6C732367-8671-4E70-A654-E04317994CAF}.Release|x64.ActiveCfg = Release|Any CPU
		{6C732367-8671-4E70-A654-E04317994CAF}.Release|x64.Build.0 = Release|Any CPU
		{6C732367-8671-4E70-A654-E04317994CAF}.Release|x64.Deploy.0 = Release|Any CPU
		{6C732367-8671-4E70-A654-E04317994CAF}.Release|x86.ActiveCfg = Release|Any CPU
		{6C732367-8671-4E70-A654-E04317994CAF}.Release|x86.Build.0 = Release|Any CPU
		{6C732367-8671-4E70-A654-E04317994CAF}.Release|x86.Deploy.0 = Release|Any CPU
		{0CB87470-3A72-4F9C-956B-5458E6B0A8BD}.Ad-Hoc|Any CPU.ActiveCfg = Ad-Hoc|iPhoneSimulator
		{0CB87470-3A72-4F9C-956B-5458E6B0A8BD}.Ad-Hoc|ARM.ActiveCfg = Ad-Hoc|iPhoneSimulator
		{0CB87470-3A72-4F9C-956B-5458E6B0A8BD}.Ad-Hoc|iPhone.ActiveCfg = Ad-Hoc|iPhone
		{0CB87470-3A72-4F9C-956B-5458E6B0A8BD}.Ad-Hoc|iPhone.Build.0 = Ad-Hoc|iPhone
		{0CB87470-3A72-4F9C-956B-5458E6B0A8BD}.Ad-Hoc|iPhoneSimulator.ActiveCfg = Ad-Hoc|iPhoneSimulator
		{0CB87470-3A72-4F9C-956B-5458E6B0A8BD}.Ad-Hoc|iPhoneSimulator.Build.0 = Ad-Hoc|iPhoneSimulator
		{0CB87470-3A72-4F9C-956B-5458E6B0A8BD}.Ad-Hoc|x64.ActiveCfg = Ad-Hoc|iPhoneSimulator
		{0CB87470-3A72-4F9C-956B-5458E6B0A8BD}.Ad-Hoc|x86.ActiveCfg = Ad-Hoc|iPhoneSimulator
		{0CB87470-3A72-4F9C-956B-5458E6B0A8BD}.AppStore|Any CPU.ActiveCfg = AppStore|iPhoneSimulator
		{0CB87470-3A72-4F9C-956B-5458E6B0A8BD}.AppStore|ARM.ActiveCfg = AppStore|iPhoneSimulator
		{0CB87470-3A72-4F9C-956B-5458E6B0A8BD}.AppStore|iPhone.ActiveCfg = AppStore|iPhone
		{0CB87470-3A72-4F9C-956B-5458E6B0A8BD}.AppStore|iPhone.Build.0 = AppStore|iPhone
		{0CB87470-3A72-4F9C-956B-5458E6B0A8BD}.AppStore|iPhoneSimulator.ActiveCfg = AppStore|iPhoneSimulator
		{0CB87470-3A72-4F9C-956B-5458E6B0A8BD}.AppStore|iPhoneSimulator.Build.0 = AppStore|iPhoneSimulator
		{0CB87470-3A72-4F9C-956B-5458E6B0A8BD}.AppStore|x64.ActiveCfg = AppStore|iPhoneSimulator
		{0CB87470-3A72-4F9C-956B-5458E6B0A8BD}.AppStore|x86.ActiveCfg = AppStore|iPhoneSimulator
		{0CB87470-3A72-4F9C-956B-5458E6B0A8BD}.Debug|Any CPU.ActiveCfg = Debug|iPhoneSimulator
		{0CB87470-3A72-4F9C-956B-5458E6B0A8BD}.Debug|ARM.ActiveCfg = Debug|iPhoneSimulator
		{0CB87470-3A72-4F9C-956B-5458E6B0A8BD}.Debug|iPhone.ActiveCfg = Debug|iPhone
		{0CB87470-3A72-4F9C-956B-5458E6B0A8BD}.Debug|iPhone.Build.0 = Debug|iPhone
		{0CB87470-3A72-4F9C-956B-5458E6B0A8BD}.Debug|iPhoneSimulator.ActiveCfg = Debug|iPhoneSimulator
		{0CB87470-3A72-4F9C-956B-5458E6B0A8BD}.Debug|iPhoneSimulator.Build.0 = Debug|iPhoneSimulator
		{0CB87470-3A72-4F9C-956B-5458E6B0A8BD}.Debug|x64.ActiveCfg = Debug|iPhoneSimulator
		{0CB87470-3A72-4F9C-956B-5458E6B0A8BD}.Debug|x86.ActiveCfg = Debug|iPhoneSimulator
		{0CB87470-3A72-4F9C-956B-5458E6B0A8BD}.Release|Any CPU.ActiveCfg = Release|iPhoneSimulator
		{0CB87470-3A72-4F9C-956B-5458E6B0A8BD}.Release|ARM.ActiveCfg = Release|iPhoneSimulator
		{0CB87470-3A72-4F9C-956B-5458E6B0A8BD}.Release|iPhone.ActiveCfg = Release|iPhone
		{0CB87470-3A72-4F9C-956B-5458E6B0A8BD}.Release|iPhone.Build.0 = Release|iPhone
		{0CB87470-3A72-4F9C-956B-5458E6B0A8BD}.Release|iPhoneSimulator.ActiveCfg = Release|iPhoneSimulator
		{0CB87470-3A72-4F9C-956B-5458E6B0A8BD}.Release|iPhoneSimulator.Build.0 = Release|iPhoneSimulator
		{0CB87470-3A72-4F9C-956B-5458E6B0A8BD}.Release|x64.ActiveCfg = Release|iPhoneSimulator
		{0CB87470-3A72-4F9C-956B-5458E6B0A8BD}.Release|x86.ActiveCfg = Release|iPhoneSimulator
		{ECA5C38E-420D-4D2C-B38E-17DD0238FED8}.Ad-Hoc|Any CPU.ActiveCfg = Debug|ARM
		{ECA5C38E-420D-4D2C-B38E-17DD0238FED8}.Ad-Hoc|Any CPU.Build.0 = Debug|ARM
		{ECA5C38E-420D-4D2C-B38E-17DD0238FED8}.Ad-Hoc|Any CPU.Deploy.0 = Debug|ARM
		{ECA5C38E-420D-4D2C-B38E-17DD0238FED8}.Ad-Hoc|ARM.ActiveCfg = Debug|ARM
		{ECA5C38E-420D-4D2C-B38E-17DD0238FED8}.Ad-Hoc|ARM.Build.0 = Debug|ARM
		{ECA5C38E-420D-4D2C-B38E-17DD0238FED8}.Ad-Hoc|ARM.Deploy.0 = Debug|ARM
		{ECA5C38E-420D-4D2C-B38E-17DD0238FED8}.Ad-Hoc|iPhone.ActiveCfg = Debug|ARM
		{ECA5C38E-420D-4D2C-B38E-17DD0238FED8}.Ad-Hoc|iPhone.Build.0 = Debug|ARM
		{ECA5C38E-420D-4D2C-B38E-17DD0238FED8}.Ad-Hoc|iPhone.Deploy.0 = Debug|ARM
		{ECA5C38E-420D-4D2C-B38E-17DD0238FED8}.Ad-Hoc|iPhoneSimulator.ActiveCfg = Debug|ARM
		{ECA5C38E-420D-4D2C-B38E-17DD0238FED8}.Ad-Hoc|iPhoneSimulator.Build.0 = Debug|ARM
		{ECA5C38E-420D-4D2C-B38E-17DD0238FED8}.Ad-Hoc|iPhoneSimulator.Deploy.0 = Debug|ARM
		{ECA5C38E-420D-4D2C-B38E-17DD0238FED8}.Ad-Hoc|x64.ActiveCfg = Debug|x64
		{ECA5C38E-420D-4D2C-B38E-17DD0238FED8}.Ad-Hoc|x64.Build.0 = Debug|x64
		{ECA5C38E-420D-4D2C-B38E-17DD0238FED8}.Ad-Hoc|x64.Deploy.0 = Debug|x64
		{ECA5C38E-420D-4D2C-B38E-17DD0238FED8}.Ad-Hoc|x86.ActiveCfg = Debug|x86
		{ECA5C38E-420D-4D2C-B38E-17DD0238FED8}.Ad-Hoc|x86.Build.0 = Debug|x86
		{ECA5C38E-420D-4D2C-B38E-17DD0238FED8}.Ad-Hoc|x86.Deploy.0 = Debug|x86
		{ECA5C38E-420D-4D2C-B38E-17DD0238FED8}.AppStore|Any CPU.ActiveCfg = Debug|ARM
		{ECA5C38E-420D-4D2C-B38E-17DD0238FED8}.AppStore|Any CPU.Build.0 = Debug|ARM
		{ECA5C38E-420D-4D2C-B38E-17DD0238FED8}.AppStore|Any CPU.Deploy.0 = Debug|ARM
		{ECA5C38E-420D-4D2C-B38E-17DD0238FED8}.AppStore|ARM.ActiveCfg = Debug|ARM
		{ECA5C38E-420D-4D2C-B38E-17DD0238FED8}.AppStore|ARM.Build.0 = Debug|ARM
		{ECA5C38E-420D-4D2C-B38E-17DD0238FED8}.AppStore|ARM.Deploy.0 = Debug|ARM
		{ECA5C38E-420D-4D2C-B38E-17DD0238FED8}.AppStore|iPhone.ActiveCfg = Debug|ARM
		{ECA5C38E-420D-4D2C-B38E-17DD0238FED8}.AppStore|iPhone.Build.0 = Debug|ARM
		{ECA5C38E-420D-4D2C-B38E-17DD0238FED8}.AppStore|iPhone.Deploy.0 = Debug|ARM
		{ECA5C38E-420D-4D2C-B38E-17DD0238FED8}.AppStore|iPhoneSimulator.ActiveCfg = Debug|ARM
		{ECA5C38E-420D-4D2C-B38E-17DD0238FED8}.AppStore|iPhoneSimulator.Build.0 = Debug|ARM
		{ECA5C38E-420D-4D2C-B38E-17DD0238FED8}.AppStore|iPhoneSimulator.Deploy.0 = Debug|ARM
		{ECA5C38E-420D-4D2C-B38E-17DD0238FED8}.AppStore|x64.ActiveCfg = Debug|x64
		{ECA5C38E-420D-4D2C-B38E-17DD0238FED8}.AppStore|x64.Build.0 = Debug|x64
		{ECA5C38E-420D-4D2C-B38E-17DD0238FED8}.AppStore|x64.Deploy.0 = Debug|x64
		{ECA5C38E-420D-4D2C-B38E-17DD0238FED8}.AppStore|x86.ActiveCfg = Debug|x86
		{ECA5C38E-420D-4D2C-B38E-17DD0238FED8}.AppStore|x86.Build.0 = Debug|x86
		{ECA5C38E-420D-4D2C-B38E-17DD0238FED8}.AppStore|x86.Deploy.0 = Debug|x86
		{ECA5C38E-420D-4D2C-B38E-17DD0238FED8}.Debug|Any CPU.ActiveCfg = Debug|x86
		{ECA5C38E-420D-4D2C-B38E-17DD0238FED8}.Debug|ARM.ActiveCfg = Debug|ARM
		{ECA5C38E-420D-4D2C-B38E-17DD0238FED8}.Debug|ARM.Build.0 = Debug|ARM
		{ECA5C38E-420D-4D2C-B38E-17DD0238FED8}.Debug|ARM.Deploy.0 = Debug|ARM
		{ECA5C38E-420D-4D2C-B38E-17DD0238FED8}.Debug|iPhone.ActiveCfg = Debug|x86
		{ECA5C38E-420D-4D2C-B38E-17DD0238FED8}.Debug|iPhoneSimulator.ActiveCfg = Debug|x86
		{ECA5C38E-420D-4D2C-B38E-17DD0238FED8}.Debug|x64.ActiveCfg = Debug|x64
		{ECA5C38E-420D-4D2C-B38E-17DD0238FED8}.Debug|x64.Build.0 = Debug|x64
		{ECA5C38E-420D-4D2C-B38E-17DD0238FED8}.Debug|x64.Deploy.0 = Debug|x64
		{ECA5C38E-420D-4D2C-B38E-17DD0238FED8}.Debug|x86.ActiveCfg = Debug|x86
		{ECA5C38E-420D-4D2C-B38E-17DD0238FED8}.Debug|x86.Build.0 = Debug|x86
		{ECA5C38E-420D-4D2C-B38E-17DD0238FED8}.Debug|x86.Deploy.0 = Debug|x86
		{ECA5C38E-420D-4D2C-B38E-17DD0238FED8}.Release|Any CPU.ActiveCfg = Release|x86
		{ECA5C38E-420D-4D2C-B38E-17DD0238FED8}.Release|ARM.ActiveCfg = Release|ARM
		{ECA5C38E-420D-4D2C-B38E-17DD0238FED8}.Release|ARM.Build.0 = Release|ARM
		{ECA5C38E-420D-4D2C-B38E-17DD0238FED8}.Release|ARM.Deploy.0 = Release|ARM
		{ECA5C38E-420D-4D2C-B38E-17DD0238FED8}.Release|iPhone.ActiveCfg = Release|x86
		{ECA5C38E-420D-4D2C-B38E-17DD0238FED8}.Release|iPhoneSimulator.ActiveCfg = Release|x86
		{ECA5C38E-420D-4D2C-B38E-17DD0238FED8}.Release|x64.ActiveCfg = Release|x64
		{ECA5C38E-420D-4D2C-B38E-17DD0238FED8}.Release|x64.Build.0 = Release|x64
		{ECA5C38E-420D-4D2C-B38E-17DD0238FED8}.Release|x64.Deploy.0 = Release|x64
		{ECA5C38E-420D-4D2C-B38E-17DD0238FED8}.Release|x86.ActiveCfg = Release|x86
		{ECA5C38E-420D-4D2C-B38E-17DD0238FED8}.Release|x86.Build.0 = Release|x86
		{ECA5C38E-420D-4D2C-B38E-17DD0238FED8}.Release|x86.Deploy.0 = Release|x86
	EndGlobalSection
	GlobalSection(SolutionProperties) = preSolution
		HideSolutionNode = FALSE
	EndGlobalSection
	GlobalSection(ExtensibilityGlobals) = postSolution
		SolutionGuid = {5109424A-646B-49ED-AF0A-60525BA40951}
	EndGlobalSection
EndGlobal
